// !$*UTF8*$!
{
	archiveVersion = 1;
	classes = {
	};
	objectVersion = 51;
	objects = {

/* Begin PBXBuildFile section */
		4C18AC452629BE22003C5B16 /* AppDelegate.swift in Sources */ = {isa = PBXBuildFile; fileRef = 4C18AC442629BE22003C5B16 /* AppDelegate.swift */; };
		4C18AC472629BE22003C5B16 /* SceneDelegate.swift in Sources */ = {isa = PBXBuildFile; fileRef = 4C18AC462629BE22003C5B16 /* SceneDelegate.swift */; };
		4C18AC492629BE22003C5B16 /* MainVC.swift in Sources */ = {isa = PBXBuildFile; fileRef = 4C18AC482629BE22003C5B16 /* MainVC.swift */; };
		4C18AC4C2629BE22003C5B16 /* Main.storyboard in Resources */ = {isa = PBXBuildFile; fileRef = 4C18AC4A2629BE22003C5B16 /* Main.storyboard */; };
		4C18AC4E2629BE25003C5B16 /* Assets.xcassets in Resources */ = {isa = PBXBuildFile; fileRef = 4C18AC4D2629BE25003C5B16 /* Assets.xcassets */; };
		4C18AC512629BE25003C5B16 /* LaunchScreen.storyboard in Resources */ = {isa = PBXBuildFile; fileRef = 4C18AC4F2629BE25003C5B16 /* LaunchScreen.storyboard */; };
		4C6793302648B75D003E0726 /* LoginVC.swift in Sources */ = {isa = PBXBuildFile; fileRef = 4C67932F2648B75D003E0726 /* LoginVC.swift */; };
		4C6793342648C323003E0726 /* RegisterVC.swift in Sources */ = {isa = PBXBuildFile; fileRef = 4C6793332648C323003E0726 /* RegisterVC.swift */; };
		4CCDA221264933C800410611 /* GoogleService-Info.plist in Resources */ = {isa = PBXBuildFile; fileRef = 4CCDA220264933C800410611 /* GoogleService-Info.plist */; };
		4CCDA225264A5E7500410611 /* CustomerController.swift in Sources */ = {isa = PBXBuildFile; fileRef = 4CCDA224264A5E7500410611 /* CustomerController.swift */; };
		4CCDA227264A5EA600410611 /* FarmerController.swift in Sources */ = {isa = PBXBuildFile; fileRef = 4CCDA226264A5EA600410611 /* FarmerController.swift */; };
		EC2F88D23215823082AD84AF /* Pods_growingFarm.framework in Frameworks */ = {isa = PBXBuildFile; fileRef = 18E4E9071E8544647743E689 /* Pods_growingFarm.framework */; };
/* End PBXBuildFile section */

/* Begin PBXFileReference section */
		18E4E9071E8544647743E689 /* Pods_growingFarm.framework */ = {isa = PBXFileReference; explicitFileType = wrapper.framework; includeInIndex = 0; path = Pods_growingFarm.framework; sourceTree = BUILT_PRODUCTS_DIR; };
		4C18AC412629BE22003C5B16 /* growingFarm.app */ = {isa = PBXFileReference; explicitFileType = wrapper.application; includeInIndex = 0; path = growingFarm.app; sourceTree = BUILT_PRODUCTS_DIR; };
		4C18AC442629BE22003C5B16 /* AppDelegate.swift */ = {isa = PBXFileReference; lastKnownFileType = sourcecode.swift; path = AppDelegate.swift; sourceTree = "<group>"; };
		4C18AC462629BE22003C5B16 /* SceneDelegate.swift */ = {isa = PBXFileReference; lastKnownFileType = sourcecode.swift; path = SceneDelegate.swift; sourceTree = "<group>"; };
		4C18AC482629BE22003C5B16 /* MainVC.swift */ = {isa = PBXFileReference; lastKnownFileType = sourcecode.swift; path = MainVC.swift; sourceTree = "<group>"; };
		4C18AC4B2629BE22003C5B16 /* Base */ = {isa = PBXFileReference; lastKnownFileType = file.storyboard; name = Base; path = Base.lproj/Main.storyboard; sourceTree = "<group>"; };
		4C18AC4D2629BE25003C5B16 /* Assets.xcassets */ = {isa = PBXFileReference; lastKnownFileType = folder.assetcatalog; path = Assets.xcassets; sourceTree = "<group>"; };
		4C18AC502629BE25003C5B16 /* Base */ = {isa = PBXFileReference; lastKnownFileType = file.storyboard; name = Base; path = Base.lproj/LaunchScreen.storyboard; sourceTree = "<group>"; };
		4C18AC522629BE25003C5B16 /* Info.plist */ = {isa = PBXFileReference; lastKnownFileType = text.plist.xml; path = Info.plist; sourceTree = "<group>"; };
		4C67932F2648B75D003E0726 /* LoginVC.swift */ = {isa = PBXFileReference; lastKnownFileType = sourcecode.swift; path = LoginVC.swift; sourceTree = "<group>"; };
		4C6793332648C323003E0726 /* RegisterVC.swift */ = {isa = PBXFileReference; lastKnownFileType = sourcecode.swift; path = RegisterVC.swift; sourceTree = "<group>"; };
		4CCDA220264933C800410611 /* GoogleService-Info.plist */ = {isa = PBXFileReference; fileEncoding = 4; lastKnownFileType = text.plist.xml; path = "GoogleService-Info.plist"; sourceTree = "<group>"; };
		4CCDA224264A5E7500410611 /* CustomerController.swift */ = {isa = PBXFileReference; lastKnownFileType = sourcecode.swift; path = CustomerController.swift; sourceTree = "<group>"; };
		4CCDA226264A5EA600410611 /* FarmerController.swift */ = {isa = PBXFileReference; lastKnownFileType = sourcecode.swift; path = FarmerController.swift; sourceTree = "<group>"; };
		97F1BB2CB2AD118E0D6A7550 /* Pods-growingFarm.release.xcconfig */ = {isa = PBXFileReference; includeInIndex = 1; lastKnownFileType = text.xcconfig; name = "Pods-growingFarm.release.xcconfig"; path = "Target Support Files/Pods-growingFarm/Pods-growingFarm.release.xcconfig"; sourceTree = "<group>"; };
		DB7576CA07A0F82748B870AC /* Pods-growingFarm.debug.xcconfig */ = {isa = PBXFileReference; includeInIndex = 1; lastKnownFileType = text.xcconfig; name = "Pods-growingFarm.debug.xcconfig"; path = "Target Support Files/Pods-growingFarm/Pods-growingFarm.debug.xcconfig"; sourceTree = "<group>"; };
/* End PBXFileReference section */

/* Begin PBXFrameworksBuildPhase section */
		4C18AC3E2629BE22003C5B16 /* Frameworks */ = {
			isa = PBXFrameworksBuildPhase;
			buildActionMask = 2147483647;
			files = (
				EC2F88D23215823082AD84AF /* Pods_growingFarm.framework in Frameworks */,
			);
			runOnlyForDeploymentPostprocessing = 0;
		};
/* End PBXFrameworksBuildPhase section */

/* Begin PBXGroup section */
		4C18AC382629BE22003C5B16 = {
			isa = PBXGroup;
			children = (
				4C18AC432629BE22003C5B16 /* growingFarm */,
				4C18AC422629BE22003C5B16 /* Products */,
				69ECBD09203245E7D30BA6CE /* Pods */,
				C3F8376F29797092A95B5815 /* Frameworks */,
			);
			sourceTree = "<group>";
		};
		4C18AC422629BE22003C5B16 /* Products */ = {
			isa = PBXGroup;
			children = (
				4C18AC412629BE22003C5B16 /* growingFarm.app */,
			);
			name = Products;
			sourceTree = "<group>";
		};
		4C18AC432629BE22003C5B16 /* growingFarm */ = {
			isa = PBXGroup;
			children = (
				4C18AC442629BE22003C5B16 /* AppDelegate.swift */,
				4C18AC462629BE22003C5B16 /* SceneDelegate.swift */,
				4C6793322648BDDD003E0726 /* ViewController */,
				4C18AC4A2629BE22003C5B16 /* Main.storyboard */,
				4C18AC4D2629BE25003C5B16 /* Assets.xcassets */,
				4C18AC4F2629BE25003C5B16 /* LaunchScreen.storyboard */,
				4C18AC522629BE25003C5B16 /* Info.plist */,
				4CCDA220264933C800410611 /* GoogleService-Info.plist */,
			);
			path = growingFarm;
			sourceTree = "<group>";
		};
		4C6793322648BDDD003E0726 /* ViewController */ = {
			isa = PBXGroup;
			children = (
				4C18AC482629BE22003C5B16 /* MainVC.swift */,
				4C67932F2648B75D003E0726 /* LoginVC.swift */,
				4C6793332648C323003E0726 /* RegisterVC.swift */,
				4CCDA224264A5E7500410611 /* CustomerController.swift */,
				4CCDA226264A5EA600410611 /* FarmerController.swift */,
			);
			path = ViewController;
			sourceTree = "<group>";
		};
		69ECBD09203245E7D30BA6CE /* Pods */ = {
			isa = PBXGroup;
			children = (
				DB7576CA07A0F82748B870AC /* Pods-growingFarm.debug.xcconfig */,
				97F1BB2CB2AD118E0D6A7550 /* Pods-growingFarm.release.xcconfig */,
			);
			path = Pods;
			sourceTree = "<group>";
		};
		C3F8376F29797092A95B5815 /* Frameworks */ = {
			isa = PBXGroup;
			children = (
				18E4E9071E8544647743E689 /* Pods_growingFarm.framework */,
			);
			name = Frameworks;
			sourceTree = "<group>";
		};
/* End PBXGroup section */

/* Begin PBXNativeTarget section */
		4C18AC402629BE22003C5B16 /* growingFarm */ = {
			isa = PBXNativeTarget;
			buildConfigurationList = 4C18AC552629BE25003C5B16 /* Build configuration list for PBXNativeTarget "growingFarm" */;
			buildPhases = (
				D5700D77FCBEC2DC0227B39C /* [CP] Check Pods Manifest.lock */,
				4C18AC3D2629BE22003C5B16 /* Sources */,
				4C18AC3E2629BE22003C5B16 /* Frameworks */,
				4C18AC3F2629BE22003C5B16 /* Resources */,
				CE4A673D73B26D218981084F /* [CP] Embed Pods Frameworks */,
			);
			buildRules = (
			);
			dependencies = (
			);
			name = growingFarm;
			productName = growingFarm;
			productReference = 4C18AC412629BE22003C5B16 /* growingFarm.app */;
			productType = "com.apple.product-type.application";
		};
/* End PBXNativeTarget section */

/* Begin PBXProject section */
		4C18AC392629BE22003C5B16 /* Project object */ = {
			isa = PBXProject;
			attributes = {
				LastSwiftUpdateCheck = 1130;
				LastUpgradeCheck = 1130;
				ORGANIZATIONNAME = Michael;
				TargetAttributes = {
					4C18AC402629BE22003C5B16 = {
						CreatedOnToolsVersion = 11.3.1;
					};
				};
			};
			buildConfigurationList = 4C18AC3C2629BE22003C5B16 /* Build configuration list for PBXProject "growingFarm" */;
			compatibilityVersion = "Xcode 9.3";
			developmentRegion = en;
			hasScannedForEncodings = 0;
			knownRegions = (
				en,
				Base,
			);
			mainGroup = 4C18AC382629BE22003C5B16;
			productRefGroup = 4C18AC422629BE22003C5B16 /* Products */;
			projectDirPath = "";
			projectRoot = "";
			targets = (
				4C18AC402629BE22003C5B16 /* growingFarm */,
			);
		};
/* End PBXProject section */

/* Begin PBXResourcesBuildPhase section */
		4C18AC3F2629BE22003C5B16 /* Resources */ = {
			isa = PBXResourcesBuildPhase;
			buildActionMask = 2147483647;
			files = (
				4C18AC512629BE25003C5B16 /* LaunchScreen.storyboard in Resources */,
				4CCDA221264933C800410611 /* GoogleService-Info.plist in Resources */,
				4C18AC4E2629BE25003C5B16 /* Assets.xcassets in Resources */,
				4C18AC4C2629BE22003C5B16 /* Main.storyboard in Resources */,
			);
			runOnlyForDeploymentPostprocessing = 0;
		};
/* End PBXResourcesBuildPhase section */

/* Begin PBXShellScriptBuildPhase section */
		CE4A673D73B26D218981084F /* [CP] Embed Pods Frameworks */ = {
			isa = PBXShellScriptBuildPhase;
			buildActionMask = 2147483647;
			files = (
			);
			inputFileListPaths = (
				"${PODS_ROOT}/Target Support Files/Pods-growingFarm/Pods-growingFarm-frameworks-${CONFIGURATION}-input-files.xcfilelist",
			);
			name = "[CP] Embed Pods Frameworks";
			outputFileListPaths = (
				"${PODS_ROOT}/Target Support Files/Pods-growingFarm/Pods-growingFarm-frameworks-${CONFIGURATION}-output-files.xcfilelist",
			);
			runOnlyForDeploymentPostprocessing = 0;
			shellPath = /bin/sh;
			shellScript = "\"${PODS_ROOT}/Target Support Files/Pods-growingFarm/Pods-growingFarm-frameworks.sh\"\n";
			showEnvVarsInLog = 0;
		};
		D5700D77FCBEC2DC0227B39C /* [CP] Check Pods Manifest.lock */ = {
			isa = PBXShellScriptBuildPhase;
			buildActionMask = 2147483647;
			files = (
			);
			inputFileListPaths = (
			);
			inputPaths = (
				"${PODS_PODFILE_DIR_PATH}/Podfile.lock",
				"${PODS_ROOT}/Manifest.lock",
			);
			name = "[CP] Check Pods Manifest.lock";
			outputFileListPaths = (
			);
			outputPaths = (
				"$(DERIVED_FILE_DIR)/Pods-growingFarm-checkManifestLockResult.txt",
			);
			runOnlyForDeploymentPostprocessing = 0;
			shellPath = /bin/sh;
			shellScript = "diff \"${PODS_PODFILE_DIR_PATH}/Podfile.lock\" \"${PODS_ROOT}/Manifest.lock\" > /dev/null\nif [ $? != 0 ] ; then\n    # print error to STDERR\n    echo \"error: The sandbox is not in sync with the Podfile.lock. Run 'pod install' or update your CocoaPods installation.\" >&2\n    exit 1\nfi\n# This output is used by Xcode 'outputs' to avoid re-running this script phase.\necho \"SUCCESS\" > \"${SCRIPT_OUTPUT_FILE_0}\"\n";
			showEnvVarsInLog = 0;
		};
/* End PBXShellScriptBuildPhase section */

/* Begin PBXSourcesBuildPhase section */
		4C18AC3D2629BE22003C5B16 /* Sources */ = {
			isa = PBXSourcesBuildPhase;
			buildActionMask = 2147483647;
			files = (
				4C6793302648B75D003E0726 /* LoginVC.swift in Sources */,
				4C18AC492629BE22003C5B16 /* MainVC.swift in Sources */,
				4C18AC452629BE22003C5B16 /* AppDelegate.swift in Sources */,
				4C18AC472629BE22003C5B16 /* SceneDelegate.swift in Sources */,
				4CCDA227264A5EA600410611 /* FarmerController.swift in Sources */,
				4C6793342648C323003E0726 /* RegisterVC.swift in Sources */,
				4CCDA225264A5E7500410611 /* CustomerController.swift in Sources */,
			);
			runOnlyForDeploymentPostprocessing = 0;
		};
/* End PBXSourcesBuildPhase section */

/* Begin PBXVariantGroup section */
		4C18AC4A2629BE22003C5B16 /* Main.storyboard */ = {
			isa = PBXVariantGroup;
			children = (
				4C18AC4B2629BE22003C5B16 /* Base */,
			);
			name = Main.storyboard;
			sourceTree = "<group>";
		};
		4C18AC4F2629BE25003C5B16 /* LaunchScreen.storyboard */ = {
			isa = PBXVariantGroup;
			children = (
				4C18AC502629BE25003C5B16 /* Base */,
			);
			name = LaunchScreen.storyboard;
			sourceTree = "<group>";
		};
/* End PBXVariantGroup section */

/* Begin XCBuildConfiguration section */
		4C18AC532629BE25003C5B16 /* Debug */ = {
			isa = XCBuildConfiguration;
			buildSettings = {
				ALWAYS_SEARCH_USER_PATHS = NO;
				CLANG_ANALYZER_NONNULL = YES;
				CLANG_ANALYZER_NUMBER_OBJECT_CONVERSION = YES_AGGRESSIVE;
				CLANG_CXX_LANGUAGE_STANDARD = "gnu++14";
				CLANG_CXX_LIBRARY = "libc++";
				CLANG_ENABLE_MODULES = YES;
				CLANG_ENABLE_OBJC_ARC = YES;
				CLANG_ENABLE_OBJC_WEAK = YES;
				CLANG_WARN_BLOCK_CAPTURE_AUTORELEASING = YES;
				CLANG_WARN_BOOL_CONVERSION = YES;
				CLANG_WARN_COMMA = YES;
				CLANG_WARN_CONSTANT_CONVERSION = YES;
				CLANG_WARN_DEPRECATED_OBJC_IMPLEMENTATIONS = YES;
				CLANG_WARN_DIRECT_OBJC_ISA_USAGE = YES_ERROR;
				CLANG_WARN_DOCUMENTATION_COMMENTS = YES;
				CLANG_WARN_EMPTY_BODY = YES;
				CLANG_WARN_ENUM_CONVERSION = YES;
				CLANG_WARN_INFINITE_RECURSION = YES;
				CLANG_WARN_INT_CONVERSION = YES;
				CLANG_WARN_NON_LITERAL_NULL_CONVERSION = YES;
				CLANG_WARN_OBJC_IMPLICIT_RETAIN_SELF = YES;
				CLANG_WARN_OBJC_LITERAL_CONVERSION = YES;
				CLANG_WARN_OBJC_ROOT_CLASS = YES_ERROR;
				CLANG_WARN_RANGE_LOOP_ANALYSIS = YES;
				CLANG_WARN_STRICT_PROTOTYPES = YES;
				CLANG_WARN_SUSPICIOUS_MOVE = YES;
				CLANG_WARN_UNGUARDED_AVAILABILITY = YES_AGGRESSIVE;
				CLANG_WARN_UNREACHABLE_CODE = YES;
				CLANG_WARN__DUPLICATE_METHOD_MATCH = YES;
				COPY_PHASE_STRIP = NO;
				DEBUG_INFORMATION_FORMAT = dwarf;
				ENABLE_STRICT_OBJC_MSGSEND = YES;
				ENABLE_TESTABILITY = YES;
				GCC_C_LANGUAGE_STANDARD = gnu11;
				GCC_DYNAMIC_NO_PIC = NO;
				GCC_NO_COMMON_BLOCKS = YES;
				GCC_OPTIMIZATION_LEVEL = 0;
				GCC_PREPROCESSOR_DEFINITIONS = (
					"DEBUG=1",
					"$(inherited)",
				);
				GCC_WARN_64_TO_32_BIT_CONVERSION = YES;
				GCC_WARN_ABOUT_RETURN_TYPE = YES_ERROR;
				GCC_WARN_UNDECLARED_SELECTOR = YES;
				GCC_WARN_UNINITIALIZED_AUTOS = YES_AGGRESSIVE;
				GCC_WARN_UNUSED_FUNCTION = YES;
				GCC_WARN_UNUSED_VARIABLE = YES;
				IPHONEOS_DEPLOYMENT_TARGET = 13.2;
				MTL_ENABLE_DEBUG_INFO = INCLUDE_SOURCE;
				MTL_FAST_MATH = YES;
				ONLY_ACTIVE_ARCH = YES;
				SDKROOT = iphoneos;
				SWIFT_ACTIVE_COMPILATION_CONDITIONS = DEBUG;
				SWIFT_OPTIMIZATION_LEVEL = "-Onone";
			};
			name = Debug;
		};
		4C18AC542629BE25003C5B16 /* Release */ = {
			isa = XCBuildConfiguration;
			buildSettings = {
				ALWAYS_SEARCH_USER_PATHS = NO;
				CLANG_ANALYZER_NONNULL = YES;
				CLANG_ANALYZER_NUMBER_OBJECT_CONVERSION = YES_AGGRESSIVE;
				CLANG_CXX_LANGUAGE_STANDARD = "gnu++14";
				CLANG_CXX_LIBRARY = "libc++";
				CLANG_ENABLE_MODULES = YES;
				CLANG_ENABLE_OBJC_ARC = YES;
				CLANG_ENABLE_OBJC_WEAK = YES;
				CLANG_WARN_BLOCK_CAPTURE_AUTORELEASING = YES;
				CLANG_WARN_BOOL_CONVERSION = YES;
				CLANG_WARN_COMMA = YES;
				CLANG_WARN_CONSTANT_CONVERSION = YES;
				CLANG_WARN_DEPRECATED_OBJC_IMPLEMENTATIONS = YES;
				CLANG_WARN_DIRECT_OBJC_ISA_USAGE = YES_ERROR;
				CLANG_WARN_DOCUMENTATION_COMMENTS = YES;
				CLANG_WARN_EMPTY_BODY = YES;
				CLANG_WARN_ENUM_CONVERSION = YES;
				CLANG_WARN_INFINITE_RECURSION = YES;
				CLANG_WARN_INT_CONVERSION = YES;
				CLANG_WARN_NON_LITERAL_NULL_CONVERSION = YES;
				CLANG_WARN_OBJC_IMPLICIT_RETAIN_SELF = YES;
				CLANG_WARN_OBJC_LITERAL_CONVERSION = YES;
				CLANG_WARN_OBJC_ROOT_CLASS = YES_ERROR;
				CLANG_WARN_RANGE_LOOP_ANALYSIS = YES;
				CLANG_WARN_STRICT_PROTOTYPES = YES;
				CLANG_WARN_SUSPICIOUS_MOVE = YES;
				CLANG_WARN_UNGUARDED_AVAILABILITY = YES_AGGRESSIVE;
				CLANG_WARN_UNREACHABLE_CODE = YES;
				CLANG_WARN__DUPLICATE_METHOD_MATCH = YES;
				COPY_PHASE_STRIP = NO;
				DEBUG_INFORMATION_FORMAT = "dwarf-with-dsym";
				ENABLE_NS_ASSERTIONS = NO;
				ENABLE_STRICT_OBJC_MSGSEND = YES;
				GCC_C_LANGUAGE_STANDARD = gnu11;
				GCC_NO_COMMON_BLOCKS = YES;
				GCC_WARN_64_TO_32_BIT_CONVERSION = YES;
				GCC_WARN_ABOUT_RETURN_TYPE = YES_ERROR;
				GCC_WARN_UNDECLARED_SELECTOR = YES;
				GCC_WARN_UNINITIALIZED_AUTOS = YES_AGGRESSIVE;
				GCC_WARN_UNUSED_FUNCTION = YES;
				GCC_WARN_UNUSED_VARIABLE = YES;
				IPHONEOS_DEPLOYMENT_TARGET = 13.2;
				MTL_ENABLE_DEBUG_INFO = NO;
				MTL_FAST_MATH = YES;
				SDKROOT = iphoneos;
				SWIFT_COMPILATION_MODE = wholemodule;
				SWIFT_OPTIMIZATION_LEVEL = "-O";
				VALIDATE_PRODUCT = YES;
			};
			name = Release;
		};
		4C18AC562629BE25003C5B16 /* Debug */ = {
			isa = XCBuildConfiguration;
			baseConfigurationReference = DB7576CA07A0F82748B870AC /* Pods-growingFarm.debug.xcconfig */;
			buildSettings = {
				ASSETCATALOG_COMPILER_APPICON_NAME = AppIcon;
				CODE_SIGN_STYLE = Automatic;
				DEVELOPMENT_TEAM = HFJM9B968C;
				INFOPLIST_FILE = growingFarm/Info.plist;
				LD_RUNPATH_SEARCH_PATHS = (
					"$(inherited)",
					"@executable_path/Frameworks",
				);
				PRODUCT_BUNDLE_IDENTIFIER = com.MichaelNamara.growingFarm;
				PRODUCT_NAME = "$(TARGET_NAME)";
				SWIFT_VERSION = 5.0;
				TARGETED_DEVICE_FAMILY = "1,2";
			};
			name = Debug;
		};
		4C18AC572629BE25003C5B16 /* Release */ = {
			isa = XCBuildConfiguration;
			baseConfigurationReference = 97F1BB2CB2AD118E0D6A7550 /* Pods-growingFarm.release.xcconfig */;
			buildSettings = {
				ASSETCATALOG_COMPILER_APPICON_NAME = AppIcon;
				CODE_SIGN_STYLE = Automatic;
				DEVELOPMENT_TEAM = HFJM9B968C;
				INFOPLIST_FILE = growingFarm/Info.plist;
				LD_RUNPATH_SEARCH_PATHS = (
					"$(inherited)",
					"@executable_path/Frameworks",
				);
				PRODUCT_BUNDLE_IDENTIFIER = com.MichaelNamara.growingFarm;
				PRODUCT_NAME = "$(TARGET_NAME)";
				SWIFT_VERSION = 5.0;
				TARGETED_DEVICE_FAMILY = "1,2";
			};
			name = Release;
		};
/* End XCBuildConfiguration section */

/* Begin XCConfigurationList section */
		4C18AC3C2629BE22003C5B16 /* Build configuration list for PBXProject "growingFarm" */ = {
			isa = XCConfigurationList;
			buildConfigurations = (
				4C18AC532629BE25003C5B16 /* Debug */,
				4C18AC542629BE25003C5B16 /* Release */,
			);
			defaultConfigurationIsVisible = 0;
			defaultConfigurationName = Release;
		};
		4C18AC552629BE25003C5B16 /* Build configuration list for PBXNativeTarget "growingFarm" */ = {
			isa = XCConfigurationList;
			buildConfigurations = (
				4C18AC562629BE25003C5B16 /* Debug */,
				4C18AC572629BE25003C5B16 /* Release */,
			);
			defaultConfigurationIsVisible = 0;
			defaultConfigurationName = Release;
		};
/* End XCConfigurationList section */
	};
	rootObject = 4C18AC392629BE22003C5B16 /* Project object */;
}
